
Microsoft Visual Studio Solution File, Format Version 12.00
# Visual Studio Version 17
VisualStudioVersion = 17.4.33213.308
MinimumVisualStudioVersion = 10.0.40219.1
Project("{FAE04EC0-301F-11D3-BF4B-00C04F79EFBC}") = "AddWatermarkOnVideos", "AddWatermarkOnVideos\AddWatermarkOnVideos.csproj", "{08E1EC8A-DA69-419B-A1E7-54D397D03142}"
EndProject
Global
	GlobalSection(SolutionConfigurationPlatforms) = preSolution
		Debug|Any CPU = Debug|Any CPU
		Release|Any CPU = Release|Any CPU
	EndGlobalSection
	GlobalSection(ProjectConfigurationPlatforms) = postSolution
		{08E1EC8A-DA69-419B-A1E7-54D397D03142}.Debug|Any CPU.ActiveCfg = Debug|Any CPU
		{08E1EC8A-DA69-419B-A1E7-54D397D03142}.Debug|Any CPU.Build.0 = Debug|Any CPU
		{08E1EC8A-DA69-419B-A1E7-54D397D03142}.Release|Any CPU.ActiveCfg = Release|Any CPU
		{08E1EC8A-DA69-419B-A1E7-54D397D03142}.Release|Any CPU.Build.0 = Release|Any CPU
	EndGlobalSection
	GlobalSection(SolutionProperties) = preSolution
		HideSolutionNode = FALSE
	EndGlobalSection
	GlobalSection(ExtensibilityGlobals) = postSolution
		SolutionGuid = {3A1FC049-6DF8-434D-BBC7-F296E224B508}
	EndGlobalSection
EndGlobal
